<?xml version="1.0" encoding="UTF-8" standalone="yes" ?>
<CodeBlocks_project_file>
	<FileVersion major="1" minor="6" />
	<Project>
		<Option title="cb_win_project" />
		<Option platforms="Windows;Unix;" />
		<Option pch_mode="2" />
		<Option compiler="gcc" />
		<Build>
			<Target title="Debug">
				<Option platforms="Windows;Unix;" />
				<Option output="..\target\win\debug\ia" prefix_auto="1" extension_auto="1" />
				<Option working_dir="..\target\win\debug\" />
				<Option object_output="..\obj\debug\" />
				<Option type="0" />
				<Option compiler="gcc" />
				<Option projectCompilerOptionsRelation="1" />
				<Compiler>
					<Add option="-Winit-self" />
					<Add option="-Wredundant-decls" />
					<Add option="-Wfloat-equal" />
					<Add option="-pedantic-errors" />
					<Add option="-pedantic" />
					<Add option="-std=c++98" />
					<Add option="-Wfatal-errors" />
					<Add option="-Wextra" />
					<Add option="-Wall" />
					<Add option="-g" />
				</Compiler>
				<ExtraCommands>
					<Add after='cmd /c xcopy /e /y &quot;$(PROJECT_DIR)..\assets\*&quot; &quot;$(PROJECT_DIR)..\target\win\debug\&quot;' />
					<Mode after="always" />
				</ExtraCommands>
			</Target>
			<Target title="Release">
				<Option platforms="Windows;Unix;" />
				<Option output="..\target\win\release\ia" prefix_auto="1" extension_auto="1" />
				<Option working_dir="..\target\win\release\" />
				<Option object_output="..\obj\release\" />
				<Option type="0" />
				<Option compiler="gcc" />
				<Option projectCompilerOptionsRelation="1" />
				<Compiler>
					<Add option="-O2" />
					<Add option="-Winit-self" />
					<Add option="-Wredundant-decls" />
					<Add option="-Wfloat-equal" />
					<Add option="-pedantic-errors" />
					<Add option="-pedantic" />
					<Add option="-std=c++98" />
					<Add option="-Wfatal-errors" />
					<Add option="-Wextra" />
					<Add option="-Wall" />
				</Compiler>
				<Linker>
					<Add option="-s" />
				</Linker>
				<ExtraCommands>
					<Add after='cmd /c xcopy /e /y &quot;$(PROJECT_DIR)..\assets\*&quot; &quot;$(PROJECT_DIR)..\target\win\release\&quot;' />
					<Mode after="always" />
				</ExtraCommands>
			</Target>
		</Build>
		<Compiler>
			<Add directory="..\sdl\include" />
			<Add directory="..\src" />
		</Compiler>
		<Linker>
			<Add option="-lmingw32 -lSDLmain -lSDL" />
			<Add directory="..\sdl\lib" />
		</Linker>
		<Unit filename="..\src\AI_castRandomSpell.h" />
		<Unit filename="..\src\AI_handleClosedBlockingDoor.h" />
		<Unit filename="..\src\AI_listen_becomePlayerAware.h" />
		<Unit filename="..\src\AI_listen_respondWithAggroPhrase.h" />
		<Unit filename="..\src\AI_look_becomePlayerAware.h" />
		<Unit filename="..\src\AI_look_moveTowardsTargetIfVision.h" />
		<Unit filename="..\src\AI_makeRoomForFriend.h" />
		<Unit filename="..\src\AI_moveToRandomAdjacentCell.h" />
		<Unit filename="..\src\AI_moveTowardsInterest.h" />
		<Unit filename="..\src\AI_setPathToLairIfNoLosToLair.h" />
		<Unit filename="..\src\AI_setPathToPlayerIfAware.h" />
		<Unit filename="..\src\AI_stepPath.h" />
		<Unit filename="..\src\AI_stepToLairIfHasLosToLair.h" />
		<Unit filename="..\src\AbilityValues.cpp" />
		<Unit filename="..\src\AbilityValues.h" />
		<Unit filename="..\src\Actor.cpp" />
		<Unit filename="..\src\Actor.h" />
		<Unit filename="..\src\ActorCultist.cpp" />
		<Unit filename="..\src\ActorData.cpp" />
		<Unit filename="..\src\ActorData.h" />
		<Unit filename="..\src\ActorFactory.cpp" />
		<Unit filename="..\src\ActorFactory.h" />
		<Unit filename="..\src\ActorFireHound.cpp" />
		<Unit filename="..\src\ActorFireVampire.cpp" />
		<Unit filename="..\src\ActorGhost.cpp" />
		<Unit filename="..\src\ActorGhoul.cpp" />
		<Unit filename="..\src\ActorGiantBat.cpp" />
		<Unit filename="..\src\ActorKeziahMason.cpp" />
		<Unit filename="..\src\ActorMiGo.cpp" />
		<Unit filename="..\src\ActorMonster.cpp" />
		<Unit filename="..\src\ActorMonster.h" />
		<Unit filename="..\src\ActorOoze.cpp" />
		<Unit filename="..\src\ActorPlayer.cpp" />
		<Unit filename="..\src\ActorPlayer.h" />
		<Unit filename="..\src\ActorRat.cpp" />
		<Unit filename="..\src\ActorShadow.cpp" />
		<Unit filename="..\src\ActorSpider.cpp" />
		<Unit filename="..\src\ActorWolf.cpp" />
		<Unit filename="..\src\ActorWormMass.cpp" />
		<Unit filename="..\src\ActorZombie.cpp" />
		<Unit filename="..\src\Art.cpp" />
		<Unit filename="..\src\Art.h" />
		<Unit filename="..\src\Attack.cpp" />
		<Unit filename="..\src\Attack.h" />
		<Unit filename="..\src\AttackMelee.cpp" />
		<Unit filename="..\src\AttackRanged.cpp" />
		<Unit filename="..\src\AttackShotgun.cpp" />
		<Unit filename="..\src\Audio.cpp" />
		<Unit filename="..\src\Audio.h" />
		<Unit filename="..\src\AutoDescribeActor.cpp" />
		<Unit filename="..\src\AutoDescribeActor.h" />
		<Unit filename="..\src\Bash.cpp" />
		<Unit filename="..\src\Bash.h" />
		<Unit filename="..\src\BasicUtils.cpp" />
		<Unit filename="..\src\BasicUtils.h" />
		<Unit filename="..\src\Blood.cpp" />
		<Unit filename="..\src\Blood.h" />
		<Unit filename="..\src\Bot.cpp" />
		<Unit filename="..\src\Bot.h" />
		<Unit filename="..\src\BresenhamLine.cpp" />
		<Unit filename="..\src\BresenhamLine.h" />
		<Unit filename="..\src\CharacterInfo.cpp" />
		<Unit filename="..\src\CharacterInfo.h" />
		<Unit filename="..\src\Close.cpp" />
		<Unit filename="..\src\Close.h" />
		<Unit filename="..\src\Colors.h" />
		<Unit filename="..\src\Config.cpp" />
		<Unit filename="..\src\Config.h" />
		<Unit filename="..\src\ConstDungeonSettings.h" />
		<Unit filename="..\src\ConstTypes.h" />
		<Unit filename="..\src\Converters.cpp" />
		<Unit filename="..\src\Converters.h" />
		<Unit filename="..\src\Declares.h" />
		<Unit filename="..\src\DungeonClimb.cpp" />
		<Unit filename="..\src\DungeonClimb.h" />
		<Unit filename="..\src\DungeonMaster.cpp" />
		<Unit filename="..\src\DungeonMaster.h" />
		<Unit filename="..\src\DungeonReadWrite.cpp" />
		<Unit filename="..\src\DungeonReadWrite.h" />
		<Unit filename="..\src\Engine.cpp" />
		<Unit filename="..\src\Engine.h" />
		<Unit filename="..\src\Explosion.cpp" />
		<Unit filename="..\src\Explosion.h" />
		<Unit filename="..\src\Feature.cpp" />
		<Unit filename="..\src\Feature.h" />
		<Unit filename="..\src\FeatureData.cpp" />
		<Unit filename="..\src\FeatureData.h" />
		<Unit filename="..\src\FeatureDoor.cpp" />
		<Unit filename="..\src\FeatureDoor.h" />
		<Unit filename="..\src\FeatureFactory.cpp" />
		<Unit filename="..\src\FeatureFactory.h" />
		<Unit filename="..\src\FeatureLitDynamite.cpp" />
		<Unit filename="..\src\FeatureLitDynamite.h" />
		<Unit filename="..\src\FeatureProxEvent.cpp" />
		<Unit filename="..\src\FeatureProxEvent.h" />
		<Unit filename="..\src\FeatureSmoke.cpp" />
		<Unit filename="..\src\FeatureSmoke.h" />
		<Unit filename="..\src\FeatureTrap.cpp" />
		<Unit filename="..\src\FeatureTrap.h" />
		<Unit filename="..\src\Fov.cpp" />
		<Unit filename="..\src\Fov.h" />
		<Unit filename="..\src\FovPreCalc.cpp" />
		<Unit filename="..\src\FovPreCalc.h" />
		<Unit filename="..\src\GameTime.cpp" />
		<Unit filename="..\src\GameTime.h" />
		<Unit filename="..\src\HighScore.cpp" />
		<Unit filename="..\src\HighScore.h" />
		<Unit filename="..\src\Input.cpp" />
		<Unit filename="..\src\Input.h" />
		<Unit filename="..\src\Interface.cpp" />
		<Unit filename="..\src\Interface.h" />
		<Unit filename="..\src\IntroText.cpp" />
		<Unit filename="..\src\IntroText.h" />
		<Unit filename="..\src\Inventory.cpp" />
		<Unit filename="..\src\Inventory.h" />
		<Unit filename="..\src\InventoryHandler.cpp" />
		<Unit filename="..\src\InventoryHandler.h" />
		<Unit filename="..\src\InventoryIndexes.h" />
		<Unit filename="..\src\Item.cpp" />
		<Unit filename="..\src\Item.h" />
		<Unit filename="..\src\ItemAmmoClip.cpp" />
		<Unit filename="..\src\ItemAmmoClip.h" />
		<Unit filename="..\src\ItemArmor.cpp" />
		<Unit filename="..\src\ItemArmor.h" />
		<Unit filename="..\src\ItemData.cpp" />
		<Unit filename="..\src\ItemData.h" />
		<Unit filename="..\src\ItemDefinition.h" />
		<Unit filename="..\src\ItemDrop.cpp" />
		<Unit filename="..\src\ItemDrop.h" />
		<Unit filename="..\src\ItemExplosive.h" />
		<Unit filename="..\src\ItemFactory.cpp" />
		<Unit filename="..\src\ItemFactory.h" />
		<Unit filename="..\src\ItemPickup.cpp" />
		<Unit filename="..\src\ItemPickup.h" />
		<Unit filename="..\src\ItemScroll.cpp" />
		<Unit filename="..\src\ItemScroll.h" />
		<Unit filename="..\src\ItemUsable.cpp" />
		<Unit filename="..\src\ItemUsable.h" />
		<Unit filename="..\src\ItemWeapon.cpp" />
		<Unit filename="..\src\ItemWeapon.h" />
		<Unit filename="..\src\JamWithSpike.cpp" />
		<Unit filename="..\src\JamWithSpike.h" />
		<Unit filename="..\src\KnockBack.cpp" />
		<Unit filename="..\src\KnockBack.h" />
		<Unit filename="..\src\Log.cpp" />
		<Unit filename="..\src\Log.h" />
		<Unit filename="..\src\Look.cpp" />
		<Unit filename="..\src\Look.h" />
		<Unit filename="..\src\MainMenu.cpp" />
		<Unit filename="..\src\MainMenu.h" />
		<Unit filename="..\src\Manual.cpp" />
		<Unit filename="..\src\Manual.h" />
		<Unit filename="..\src\Map.cpp" />
		<Unit filename="..\src\Map.h" />
		<Unit filename="..\src\MapArea.cpp" />
		<Unit filename="..\src\MapArea.h" />
		<Unit filename="..\src\MapBuild.cpp" />
		<Unit filename="..\src\MapBuild.h" />
		<Unit filename="..\src\MapBuildBSP.cpp" />
		<Unit filename="..\src\MapBuildBSP.h" />
		<Unit filename="..\src\MapBuildCavern.cpp" />
		<Unit filename="..\src\MapBuildForest.cpp" />
		<Unit filename="..\src\MapBuildKingsTomb.cpp" />
		<Unit filename="..\src\MapBuildRoomsAndCorridors.cpp" />
		<Unit filename="..\src\MapBuildSpawnItems.cpp" />
		<Unit filename="..\src\MapBuildSpawnItems.h" />
		<Unit filename="..\src\MapBuild_trapezohedronLevel.cpp" />
		<Unit filename="..\src\MapPatterns.cpp" />
		<Unit filename="..\src\MapPatterns.h" />
		<Unit filename="..\src\MapTemplates.cpp" />
		<Unit filename="..\src\MapTemplates.h" />
		<Unit filename="..\src\MapTests.cpp" />
		<Unit filename="..\src\MapTests.h" />
		<Unit filename="..\src\Marker.cpp" />
		<Unit filename="..\src\Marker.h" />
		<Unit filename="..\src\MenuBrowser.cpp" />
		<Unit filename="..\src\MenuBrowser.h" />
		<Unit filename="..\src\MenuInputHandler.cpp" />
		<Unit filename="..\src\MenuInputHandler.h" />
		<Unit filename="..\src\MersenneTwister.h" />
		<Unit filename="..\src\Pathfinding.cpp" />
		<Unit filename="..\src\Pathfinding.h" />
		<Unit filename="..\src\Phrases.cpp" />
		<Unit filename="..\src\Phrases.h" />
		<Unit filename="..\src\PlayerAllocBonus.cpp" />
		<Unit filename="..\src\PlayerAllocBonus.h" />
		<Unit filename="..\src\PlayerBonuses.cpp" />
		<Unit filename="..\src\PlayerBonuses.h" />
		<Unit filename="..\src\PlayerCreateCharacter.cpp" />
		<Unit filename="..\src\PlayerCreateCharacter.h" />
		<Unit filename="..\src\PlayerPowersHandler.cpp" />
		<Unit filename="..\src\PlayerPowersHandler.h" />
		<Unit filename="..\src\PlayerVisualMemory.cpp" />
		<Unit filename="..\src\PlayerVisualMemory.h" />
		<Unit filename="..\src\Populate.cpp" />
		<Unit filename="..\src\Populate.h" />
		<Unit filename="..\src\Popup.cpp" />
		<Unit filename="..\src\Popup.h" />
		<Unit filename="..\src\Postmortem.cpp" />
		<Unit filename="..\src\Postmortem.h" />
		<Unit filename="..\src\Query.cpp" />
		<Unit filename="..\src\Query.h" />
		<Unit filename="..\src\Reload.cpp" />
		<Unit filename="..\src\Reload.h" />
		<Unit filename="..\src\Render.cpp" />
		<Unit filename="..\src\Render.h" />
		<Unit filename="..\src\RenderInventory.cpp" />
		<Unit filename="..\src\RenderInventory.h" />
		<Unit filename="..\src\SaveHandler.cpp" />
		<Unit filename="..\src\SaveHandler.h" />
		<Unit filename="..\src\Sound.cpp" />
		<Unit filename="..\src\Sound.h" />
		<Unit filename="..\src\SpawnCounter.h" />
		<Unit filename="..\src\SpecialRoom.cpp" />
		<Unit filename="..\src\SpecialRoom.h" />
		<Unit filename="..\src\Spells.cpp" />
		<Unit filename="..\src\Spells.h" />
		<Unit filename="..\src\StatusEffects.cpp" />
		<Unit filename="..\src\StatusEffects.h" />
		<Unit filename="..\src\TextFormatting.cpp" />
		<Unit filename="..\src\TextFormatting.h" />
		<Unit filename="..\src\Thrower.cpp" />
		<Unit filename="..\src\Thrower.h" />
		<Unit filename="..\src\Timer.cpp" />
		<Unit filename="..\src\Timer.h" />
		<Unit filename="..\src\TrimTravelVector.cpp" />
		<Unit filename="..\src\TrimTravelVector.h" />
		<Unit filename="..\src\itemExplosive.cpp" />
		<Unit filename="..\src\itemPotion.cpp" />
		<Unit filename="..\src\itemPotion.h" />
		<Unit filename="..\src\main.cpp" />
		<Unit filename="..\src\monsterIncludeFiles.h" />
		<Extensions>
			<code_completion />
			<debugger />
		</Extensions>
	</Project>
</CodeBlocks_project_file>
