<?xml version="1.0" encoding="UTF-8" standalone="yes" ?>
<CodeBlocks_project_file>
	<FileVersion major="1" minor="6" />
	<Project>
		<Option title="cb_win_project" />
		<Option platforms="Windows;" />
		<Option pch_mode="2" />
		<Option compiler="gcc" />
		<Build>
			<Target title="Debug">
				<Option platforms="Windows;" />
				<Option output="../target/debug/Infra Arcana Debug" prefix_auto="1" extension_auto="1" />
				<Option working_dir="../target/debug/" />
				<Option object_output="../obj/debug/" />
				<Option type="1" />
				<Option compiler="gcc" />
				<Option projectCompilerOptionsRelation="1" />
				<Compiler>
					<Add option="-Wshadow" />
					<Add option="-Winit-self" />
					<Add option="-Wredundant-decls" />
					<Add option="-Wcast-align" />
					<Add option="-Wundef" />
					<Add option="-Wfloat-equal" />
					<Add option="-Winline" />
					<Add option="-Wmissing-declarations" />
					<Add option="-Wmissing-include-dirs" />
					<Add option="-pedantic-errors" />
					<Add option="-pedantic" />
					<Add option="-std=c++98" />
					<Add option="-Wfatal-errors" />
					<Add option="-Wextra" />
					<Add option="-Wall" />
					<Add option="-g" />
					<Add option="-Wno-long-long" />
					<Add directory="../src/debugModeIncl" />
				</Compiler>
				<ExtraCommands>
					<Add after='cmd /c xcopy /e /y &quot;$(PROJECT_DIR)..\assets\*&quot; &quot;$(PROJECT_DIR)..\target\debug\&quot;' />
					<Add after='cmd /c xcopy /y &quot;$(PROJECT_DIR)..\API\SDL\SDL.dll&quot; &quot;$(PROJECT_DIR)..\target\debug\&quot;' />
					<Add after='cmd /c xcopy /y &quot;$(PROJECT_DIR)..\API\SDL\SDL_image.dll&quot; &quot;$(PROJECT_DIR)..\target\debug\&quot;' />
					<Add after='cmd /c xcopy /y &quot;$(PROJECT_DIR)..\API\SDL\libpng15-15.dll&quot; &quot;$(PROJECT_DIR)..\target\debug\&quot;' />
					<Add after='cmd /c xcopy /y &quot;$(PROJECT_DIR)..\API\SDL\zlib1.dll&quot; &quot;$(PROJECT_DIR)..\target\debug\&quot;' />
					<Add after='cmd /c xcopy /y &quot;$(PROJECT_DIR)..\API\SDL\libogg-0.dll&quot; &quot;$(PROJECT_DIR)..\target\debug\&quot;' />
					<Add after='cmd /c xcopy /y &quot;$(PROJECT_DIR)..\API\SDL\libvorbis-0.dll&quot; &quot;$(PROJECT_DIR)..\target\debug\&quot;' />
					<Add after='cmd /c xcopy /y &quot;$(PROJECT_DIR)..\API\SDL\libvorbisfile-3.dll&quot; &quot;$(PROJECT_DIR)..\target\debug\&quot;' />
					<Add after='cmd /c xcopy /y &quot;$(PROJECT_DIR)..\API\SDL\SDL_mixer.dll&quot; &quot;$(PROJECT_DIR)..\target\debug\&quot;' />
					<Mode after="always" />
				</ExtraCommands>
			</Target>
			<Target title="Release">
				<Option platforms="Windows;" />
				<Option output="../target/release/Infra Arcana" prefix_auto="1" extension_auto="1" />
				<Option working_dir="../target/release/" />
				<Option object_output="../obj/release/" />
				<Option type="0" />
				<Option compiler="gcc" />
				<Option projectCompilerOptionsRelation="1" />
				<Compiler>
					<Add option="-O2" />
					<Add option="-Wshadow" />
					<Add option="-Winit-self" />
					<Add option="-Wredundant-decls" />
					<Add option="-Wcast-align" />
					<Add option="-Wundef" />
					<Add option="-Wfloat-equal" />
					<Add option="-Winline" />
					<Add option="-Wmissing-declarations" />
					<Add option="-Wmissing-include-dirs" />
					<Add option="-pedantic-errors" />
					<Add option="-pedantic" />
					<Add option="-std=c++98" />
					<Add option="-Wfatal-errors" />
					<Add option="-Wextra" />
					<Add option="-Wall" />
					<Add option="-Wno-long-long" />
					<Add directory="../src/releaseModeIncl" />
				</Compiler>
				<Linker>
					<Add option="-s" />
				</Linker>
				<ExtraCommands>
					<Add after='cmd /c xcopy /e /y &quot;$(PROJECT_DIR)..\assets\*&quot; &quot;$(PROJECT_DIR)..\target\release\&quot;' />
					<Add after='cmd /c xcopy /y &quot;$(PROJECT_DIR)..\API\SDL\SDL.dll&quot; &quot;$(PROJECT_DIR)..\target\release\&quot;' />
					<Add after='cmd /c xcopy /y &quot;$(PROJECT_DIR)..\API\SDL\SDL_image.dll&quot; &quot;$(PROJECT_DIR)..\target\release\&quot;' />
					<Add after='cmd /c xcopy /y &quot;$(PROJECT_DIR)..\API\SDL\libpng15-15.dll&quot; &quot;$(PROJECT_DIR)..\target\release\&quot;' />
					<Add after='cmd /c xcopy /y &quot;$(PROJECT_DIR)..\API\SDL\zlib1.dll&quot; &quot;$(PROJECT_DIR)..\target\release\&quot;' />
					<Add after='cmd /c xcopy /y &quot;$(PROJECT_DIR)..\API\SDL\libogg-0.dll&quot; &quot;$(PROJECT_DIR)..\target\release\&quot;' />
					<Add after='cmd /c xcopy /y &quot;$(PROJECT_DIR)..\API\SDL\libvorbis-0.dll&quot; &quot;$(PROJECT_DIR)..\target\release\&quot;' />
					<Add after='cmd /c xcopy /y &quot;$(PROJECT_DIR)..\API\SDL\libvorbisfile-3.dll&quot; &quot;$(PROJECT_DIR)..\target\release\&quot;' />
					<Add after='cmd /c xcopy /y &quot;$(PROJECT_DIR)..\API\SDL\SDL_mixer.dll&quot; &quot;$(PROJECT_DIR)..\target\release\&quot;' />
					<Mode after="always" />
				</ExtraCommands>
			</Target>
		</Build>
		<Compiler>
			<Add directory="../src" />
			<Add directory="../API/SDL/include" />
		</Compiler>
		<Linker>
			<Add option="-lmingw32 -lSDLmain -lSDL -lSDL_image -lSDL_mixer" />
			<Add directory="../API/SDL/lib" />
		</Linker>
		<Unit filename="../icon/resource.rc">
			<Option compilerVar="WINDRES" />
		</Unit>
		<Unit filename="../src/AI_castRandomSpell.h" />
		<Unit filename="../src/AI_handleClosedBlockingDoor.h" />
		<Unit filename="../src/AI_handleInventory.h" />
		<Unit filename="../src/AI_look_becomePlayerAware.h" />
		<Unit filename="../src/AI_makeRoomForFriend.h" />
		<Unit filename="../src/AI_moveToRandomAdjacentCell.h" />
		<Unit filename="../src/AI_moveTowardsInterest.h" />
		<Unit filename="../src/AI_moveTowardsTargetSimple.h" />
		<Unit filename="../src/AI_setPathToLairIfNoLosToLair.h" />
		<Unit filename="../src/AI_setPathToLeaderIfNoLosToLeader.h" />
		<Unit filename="../src/AI_setPathToPlayerIfAware.h" />
		<Unit filename="../src/AI_stepPath.h" />
		<Unit filename="../src/AI_stepToLairIfHasLosToLair.h" />
		<Unit filename="../src/AbilityValues.cpp" />
		<Unit filename="../src/AbilityValues.h" />
		<Unit filename="../src/Actor.cpp" />
		<Unit filename="../src/Actor.h" />
		<Unit filename="../src/ActorData.cpp" />
		<Unit filename="../src/ActorData.h" />
		<Unit filename="../src/ActorFactory.cpp" />
		<Unit filename="../src/ActorFactory.h" />
		<Unit filename="../src/ActorMonster.cpp" />
		<Unit filename="../src/ActorMonster.h" />
		<Unit filename="../src/ActorMonsterSpecific.cpp" />
		<Unit filename="../src/ActorPlayer.cpp" />
		<Unit filename="../src/ActorPlayer.h" />
		<Unit filename="../src/Art.cpp" />
		<Unit filename="../src/Art.h" />
		<Unit filename="../src/Attack.cpp" />
		<Unit filename="../src/Attack.h" />
		<Unit filename="../src/AttackMelee.cpp" />
		<Unit filename="../src/AttackRanged.cpp" />
		<Unit filename="../src/AttackShotgun.cpp" />
		<Unit filename="../src/Audio.cpp" />
		<Unit filename="../src/Audio.h" />
		<Unit filename="../src/AutoDescribeActor.cpp" />
		<Unit filename="../src/AutoDescribeActor.h" />
		<Unit filename="../src/Bash.cpp" />
		<Unit filename="../src/Bash.h" />
		<Unit filename="../src/BasicUtils.cpp" />
		<Unit filename="../src/BasicUtils.h" />
		<Unit filename="../src/Blood.cpp" />
		<Unit filename="../src/Blood.h" />
		<Unit filename="../src/Bot.cpp" />
		<Unit filename="../src/Bot.h" />
		<Unit filename="../src/BresenhamLine.cpp" />
		<Unit filename="../src/BresenhamLine.h" />
		<Unit filename="../src/CharacterDescr.cpp" />
		<Unit filename="../src/CharacterDescr.h" />
		<Unit filename="../src/CharacterLines.cpp" />
		<Unit filename="../src/CharacterLines.h" />
		<Unit filename="../src/Close.cpp" />
		<Unit filename="../src/Close.h" />
		<Unit filename="../src/Colors.h" />
		<Unit filename="../src/CommonData.h" />
		<Unit filename="../src/CommonTypes.h" />
		<Unit filename="../src/Config.cpp" />
		<Unit filename="../src/Config.h" />
		<Unit filename="../src/Converters.cpp" />
		<Unit filename="../src/Converters.h" />
		<Unit filename="../src/Credits.cpp" />
		<Unit filename="../src/Credits.h" />
		<Unit filename="../src/DebugModeStatPrinter.cpp" />
		<Unit filename="../src/DebugModeStatPrinter.h" />
		<Unit filename="../src/Disarm.cpp" />
		<Unit filename="../src/Disarm.h" />
		<Unit filename="../src/DungeonClimb.cpp" />
		<Unit filename="../src/DungeonClimb.h" />
		<Unit filename="../src/DungeonMaster.cpp" />
		<Unit filename="../src/DungeonMaster.h" />
		<Unit filename="../src/Engine.cpp" />
		<Unit filename="../src/Engine.h" />
		<Unit filename="../src/Examine.cpp" />
		<Unit filename="../src/Examine.h" />
		<Unit filename="../src/Explosion.cpp" />
		<Unit filename="../src/Explosion.h" />
		<Unit filename="../src/Feature.cpp" />
		<Unit filename="../src/Feature.h" />
		<Unit filename="../src/FeatureData.cpp" />
		<Unit filename="../src/FeatureData.h" />
		<Unit filename="../src/FeatureDoor.cpp" />
		<Unit filename="../src/FeatureDoor.h" />
		<Unit filename="../src/FeatureExaminable.cpp" />
		<Unit filename="../src/FeatureExaminable.h" />
		<Unit filename="../src/FeatureFactory.cpp" />
		<Unit filename="../src/FeatureFactory.h" />
		<Unit filename="../src/FeatureGrave.cpp" />
		<Unit filename="../src/FeatureGrave.h" />
		<Unit filename="../src/FeatureLever.cpp" />
		<Unit filename="../src/FeatureLever.h" />
		<Unit filename="../src/FeatureLiquid.cpp" />
		<Unit filename="../src/FeatureLiquid.h" />
		<Unit filename="../src/FeatureLitDynamite.cpp" />
		<Unit filename="../src/FeatureLitDynamite.h" />
		<Unit filename="../src/FeatureProxEvent.cpp" />
		<Unit filename="../src/FeatureProxEvent.h" />
		<Unit filename="../src/FeatureSmoke.cpp" />
		<Unit filename="../src/FeatureSmoke.h" />
		<Unit filename="../src/FeatureTrap.cpp" />
		<Unit filename="../src/FeatureTrap.h" />
		<Unit filename="../src/FeatureWall.cpp" />
		<Unit filename="../src/FeatureWall.h" />
		<Unit filename="../src/Fov.cpp" />
		<Unit filename="../src/Fov.h" />
		<Unit filename="../src/FovPreCalc.cpp" />
		<Unit filename="../src/FovPreCalc.h" />
		<Unit filename="../src/GameTime.cpp" />
		<Unit filename="../src/GameTime.h" />
		<Unit filename="../src/Gods.cpp" />
		<Unit filename="../src/Gods.h" />
		<Unit filename="../src/Highscore.cpp" />
		<Unit filename="../src/Highscore.h" />
		<Unit filename="../src/Input.cpp" />
		<Unit filename="../src/Input.h" />
		<Unit filename="../src/Inventory.cpp" />
		<Unit filename="../src/Inventory.h" />
		<Unit filename="../src/InventoryHandler.cpp" />
		<Unit filename="../src/InventoryHandler.h" />
		<Unit filename="../src/InventoryIndexes.cpp" />
		<Unit filename="../src/InventoryIndexes.h" />
		<Unit filename="../src/Item.cpp" />
		<Unit filename="../src/Item.h" />
		<Unit filename="../src/ItemAmmo.cpp" />
		<Unit filename="../src/ItemAmmo.h" />
		<Unit filename="../src/ItemArmor.cpp" />
		<Unit filename="../src/ItemArmor.h" />
		<Unit filename="../src/ItemArtifact.cpp" />
		<Unit filename="../src/ItemArtifact.h" />
		<Unit filename="../src/ItemData.cpp" />
		<Unit filename="../src/ItemData.h" />
		<Unit filename="../src/ItemDevice.cpp" />
		<Unit filename="../src/ItemDevice.h" />
		<Unit filename="../src/ItemDrop.cpp" />
		<Unit filename="../src/ItemDrop.h" />
		<Unit filename="../src/ItemExplosive.cpp" />
		<Unit filename="../src/ItemExplosive.h" />
		<Unit filename="../src/ItemFactory.cpp" />
		<Unit filename="../src/ItemFactory.h" />
		<Unit filename="../src/ItemMedicalBag.cpp" />
		<Unit filename="../src/ItemMedicalBag.h" />
		<Unit filename="../src/ItemPickup.cpp" />
		<Unit filename="../src/ItemPickup.h" />
		<Unit filename="../src/ItemPotion.cpp" />
		<Unit filename="../src/ItemPotion.h" />
		<Unit filename="../src/ItemScroll.cpp" />
		<Unit filename="../src/ItemScroll.h" />
		<Unit filename="../src/ItemWeapon.cpp" />
		<Unit filename="../src/ItemWeapon.h" />
		<Unit filename="../src/JamWithSpike.cpp" />
		<Unit filename="../src/JamWithSpike.h" />
		<Unit filename="../src/Knockback.cpp" />
		<Unit filename="../src/Knockback.h" />
		<Unit filename="../src/Log.cpp" />
		<Unit filename="../src/Log.h" />
		<Unit filename="../src/Look.cpp" />
		<Unit filename="../src/Look.h" />
		<Unit filename="../src/MainMenu.cpp" />
		<Unit filename="../src/MainMenu.h" />
		<Unit filename="../src/Manual.cpp" />
		<Unit filename="../src/Manual.h" />
		<Unit filename="../src/Map.cpp" />
		<Unit filename="../src/Map.h" />
		<Unit filename="../src/MapBuild.cpp" />
		<Unit filename="../src/MapBuild.h" />
		<Unit filename="../src/MapBuildBSP.cpp" />
		<Unit filename="../src/MapBuildBSP.h" />
		<Unit filename="../src/MapBuildCavern.cpp" />
		<Unit filename="../src/MapBuildForest.cpp" />
		<Unit filename="../src/MapBuildKingsTomb.cpp" />
		<Unit filename="../src/MapBuildRoomsAndCorridors.cpp" />
		<Unit filename="../src/MapBuild_trapezohedronLevel.cpp" />
		<Unit filename="../src/MapPatterns.cpp" />
		<Unit filename="../src/MapPatterns.h" />
		<Unit filename="../src/MapTemplates.cpp" />
		<Unit filename="../src/MapTemplates.h" />
		<Unit filename="../src/MapTests.cpp" />
		<Unit filename="../src/MapTests.h" />
		<Unit filename="../src/Marker.cpp" />
		<Unit filename="../src/Marker.h" />
		<Unit filename="../src/MenuBrowser.cpp" />
		<Unit filename="../src/MenuBrowser.h" />
		<Unit filename="../src/MenuInputHandler.cpp" />
		<Unit filename="../src/MenuInputHandler.h" />
		<Unit filename="../src/MersenneTwister.h" />
		<Unit filename="../src/Panel.cpp" />
		<Unit filename="../src/Panel.h" />
		<Unit filename="../src/Pathfinding.cpp" />
		<Unit filename="../src/Pathfinding.h" />
		<Unit filename="../src/PlayerBonuses.cpp" />
		<Unit filename="../src/PlayerBonuses.h" />
		<Unit filename="../src/PlayerCreateCharacter.cpp" />
		<Unit filename="../src/PlayerCreateCharacter.h" />
		<Unit filename="../src/PlayerSpellsHandler.cpp" />
		<Unit filename="../src/PlayerSpellsHandler.h" />
		<Unit filename="../src/PlayerVisualMemory.cpp" />
		<Unit filename="../src/PlayerVisualMemory.h" />
		<Unit filename="../src/PopulateItems.cpp" />
		<Unit filename="../src/PopulateItems.h" />
		<Unit filename="../src/PopulateMonsters.cpp" />
		<Unit filename="../src/PopulateMonsters.h" />
		<Unit filename="../src/PopulateTraps.cpp" />
		<Unit filename="../src/PopulateTraps.h" />
		<Unit filename="../src/Popup.cpp" />
		<Unit filename="../src/Popup.h" />
		<Unit filename="../src/Postmortem.cpp" />
		<Unit filename="../src/Postmortem.h" />
		<Unit filename="../src/Properties.cpp" />
		<Unit filename="../src/Properties.h" />
		<Unit filename="../src/Query.cpp" />
		<Unit filename="../src/Query.h" />
		<Unit filename="../src/Reload.cpp" />
		<Unit filename="../src/Reload.h" />
		<Unit filename="../src/Render.cpp" />
		<Unit filename="../src/Render.h" />
		<Unit filename="../src/RenderInventory.cpp" />
		<Unit filename="../src/RenderInventory.h" />
		<Unit filename="../src/RoomTheme.cpp" />
		<Unit filename="../src/RoomTheme.h" />
		<Unit filename="../src/SaveHandler.cpp" />
		<Unit filename="../src/SaveHandler.h" />
		<Unit filename="../src/Sound.cpp" />
		<Unit filename="../src/Sound.h" />
		<Unit filename="../src/SpawnCounter.h" />
		<Unit filename="../src/Spells.cpp" />
		<Unit filename="../src/Spells.h" />
		<Unit filename="../src/TextFormatting.cpp" />
		<Unit filename="../src/TextFormatting.h" />
		<Unit filename="../src/Thrower.cpp" />
		<Unit filename="../src/Thrower.h" />
		<Unit filename="../src/main.cpp" />
		<Extensions>
			<code_completion />
			<debugger />
			<DoxyBlocks>
				<comment_style block="0" line="0" />
				<doxyfile_project />
				<doxyfile_build />
				<doxyfile_warnings />
				<doxyfile_output />
				<doxyfile_dot />
				<general />
			</DoxyBlocks>
			<envvars />
		</Extensions>
	</Project>
</CodeBlocks_project_file>
